// !$*UTF8*$!
{
	archiveVersion = 1;
	classes = {
	};
	objectVersion = 46;
	objects = {

/* Begin PBXBuildFile section */
		6A1AC0C319822E7800C08E2C /* connect_nonb.c in Sources */ = {isa = PBXBuildFile; fileRef = 6A1AC02E19822E7800C08E2C /* connect_nonb.c */; };
		6A1AC0C519822E7800C08E2C /* connect_timeo.c in Sources */ = {isa = PBXBuildFile; fileRef = 6A1AC03119822E7800C08E2C /* connect_timeo.c */; };
		6A1AC0C719822E7800C08E2C /* daemon_inetd.c in Sources */ = {isa = PBXBuildFile; fileRef = 6A1AC03419822E7800C08E2C /* daemon_inetd.c */; };
		6A1AC0C919822E7800C08E2C /* daemon_init.c in Sources */ = {isa = PBXBuildFile; fileRef = 6A1AC03719822E7800C08E2C /* daemon_init.c */; };
		6A1AC0CB19822E7800C08E2C /* dg_cli.c in Sources */ = {isa = PBXBuildFile; fileRef = 6A1AC03919822E7800C08E2C /* dg_cli.c */; };
		6A1AC0CD19822E7800C08E2C /* dg_echo.c in Sources */ = {isa = PBXBuildFile; fileRef = 6A1AC03B19822E7800C08E2C /* dg_echo.c */; };
		6A1AC0CF19822E7800C08E2C /* error.c in Sources */ = {isa = PBXBuildFile; fileRef = 6A1AC03D19822E7800C08E2C /* error.c */; };
		6A1AC0D119822E7800C08E2C /* family_to_level.c in Sources */ = {isa = PBXBuildFile; fileRef = 6A1AC03F19822E7800C08E2C /* family_to_level.c */; };
		6A1AC0D319822E7800C08E2C /* get_ifi_info.c in Sources */ = {isa = PBXBuildFile; fileRef = 6A1AC04119822E7800C08E2C /* get_ifi_info.c */; };
		6A1AC0D519822E7800C08E2C /* gf_time.c in Sources */ = {isa = PBXBuildFile; fileRef = 6A1AC04419822E7800C08E2C /* gf_time.c */; };
		6A1AC0D719822E7800C08E2C /* host_serv.c in Sources */ = {isa = PBXBuildFile; fileRef = 6A1AC04619822E7800C08E2C /* host_serv.c */; };
		6A1AC0D919822E7800C08E2C /* hstrerror.c in Sources */ = {isa = PBXBuildFile; fileRef = 6A1AC04919822E7800C08E2C /* hstrerror.c */; };
		6A1AC0DA19822E7800C08E2C /* if_indextoname.c in Sources */ = {isa = PBXBuildFile; fileRef = 6A1AC04A19822E7800C08E2C /* if_indextoname.c */; };
		6A1AC0DB19822E7800C08E2C /* if_nameindex.c in Sources */ = {isa = PBXBuildFile; fileRef = 6A1AC04B19822E7800C08E2C /* if_nameindex.c */; };
		6A1AC0DC19822E7800C08E2C /* if_nametoindex.c in Sources */ = {isa = PBXBuildFile; fileRef = 6A1AC04C19822E7800C08E2C /* if_nametoindex.c */; };
		6A1AC0DD19822E7800C08E2C /* in6addr_any.c in Sources */ = {isa = PBXBuildFile; fileRef = 6A1AC04D19822E7800C08E2C /* in6addr_any.c */; };
		6A1AC0DE19822E7800C08E2C /* Makefile in Sources */ = {isa = PBXBuildFile; fileRef = 6A1AC04E19822E7800C08E2C /* Makefile */; };
		6A1AC0DF19822E7800C08E2C /* mcast_get_if.c in Sources */ = {isa = PBXBuildFile; fileRef = 6A1AC04F19822E7800C08E2C /* mcast_get_if.c */; };
		6A1AC0E119822E7800C08E2C /* mcast_get_loop.c in Sources */ = {isa = PBXBuildFile; fileRef = 6A1AC05119822E7800C08E2C /* mcast_get_loop.c */; };
		6A1AC0E319822E7800C08E2C /* mcast_get_ttl.c in Sources */ = {isa = PBXBuildFile; fileRef = 6A1AC05319822E7800C08E2C /* mcast_get_ttl.c */; };
		6A1AC0E519822E7800C08E2C /* mcast_join.c in Sources */ = {isa = PBXBuildFile; fileRef = 6A1AC05519822E7800C08E2C /* mcast_join.c */; };
		6A1AC0E719822E7800C08E2C /* mcast_leave.c in Sources */ = {isa = PBXBuildFile; fileRef = 6A1AC05819822E7800C08E2C /* mcast_leave.c */; };
		6A1AC0E919822E7800C08E2C /* mcast_set_if.c in Sources */ = {isa = PBXBuildFile; fileRef = 6A1AC05A19822E7800C08E2C /* mcast_set_if.c */; };
		6A1AC0EB19822E7800C08E2C /* mcast_set_loop.c in Sources */ = {isa = PBXBuildFile; fileRef = 6A1AC05C19822E7800C08E2C /* mcast_set_loop.c */; };
		6A1AC0ED19822E7800C08E2C /* mcast_set_ttl.c in Sources */ = {isa = PBXBuildFile; fileRef = 6A1AC05F19822E7800C08E2C /* mcast_set_ttl.c */; };
		6A1AC0EF19822E7800C08E2C /* my_addrs.c in Sources */ = {isa = PBXBuildFile; fileRef = 6A1AC06119822E7800C08E2C /* my_addrs.c */; };
		6A1AC0F119822E7800C08E2C /* pselect.c in Sources */ = {isa = PBXBuildFile; fileRef = 6A1AC06419822E7800C08E2C /* pselect.c */; };
		6A1AC0F219822E7800C08E2C /* read_fd.c in Sources */ = {isa = PBXBuildFile; fileRef = 6A1AC06619822E7800C08E2C /* read_fd.c */; };
		6A1AC0F419822E7800C08E2C /* readable_timeo.c in Sources */ = {isa = PBXBuildFile; fileRef = 6A1AC06919822E7800C08E2C /* readable_timeo.c */; };
		6A1AC0F619822E7800C08E2C /* readline.c in Sources */ = {isa = PBXBuildFile; fileRef = 6A1AC06C19822E7800C08E2C /* readline.c */; };
		6A1AC0F819822E7800C08E2C /* readn.c in Sources */ = {isa = PBXBuildFile; fileRef = 6A1AC06F19822E7800C08E2C /* readn.c */; };
		6A1AC0FA19822E7800C08E2C /* rtt.c in Sources */ = {isa = PBXBuildFile; fileRef = 6A1AC07219822E7800C08E2C /* rtt.c */; };
		6A1AC0FC19822E7800C08E2C /* signal.c in Sources */ = {isa = PBXBuildFile; fileRef = 6A1AC07519822E7800C08E2C /* signal.c */; };
		6A1AC0FE19822E7800C08E2C /* signal_intr.c in Sources */ = {isa = PBXBuildFile; fileRef = 6A1AC07819822E7800C08E2C /* signal_intr.c */; };
		6A1AC10119822E7800C08E2C /* sock_bind_wild.c in Sources */ = {isa = PBXBuildFile; fileRef = 6A1AC07B19822E7800C08E2C /* sock_bind_wild.c */; };
		6A1AC10319822E7800C08E2C /* sock_cmp_addr.c in Sources */ = {isa = PBXBuildFile; fileRef = 6A1AC07D19822E7800C08E2C /* sock_cmp_addr.c */; };
		6A1AC10519822E7800C08E2C /* sock_cmp_port.c in Sources */ = {isa = PBXBuildFile; fileRef = 6A1AC07F19822E7800C08E2C /* sock_cmp_port.c */; };
		6A1AC10719822E7800C08E2C /* sock_get_port.c in Sources */ = {isa = PBXBuildFile; fileRef = 6A1AC08119822E7800C08E2C /* sock_get_port.c */; };
		6A1AC10919822E7800C08E2C /* sock_ntop.c in Sources */ = {isa = PBXBuildFile; fileRef = 6A1AC08319822E7800C08E2C /* sock_ntop.c */; };
		6A1AC10B19822E7800C08E2C /* sock_ntop_host.c in Sources */ = {isa = PBXBuildFile; fileRef = 6A1AC08619822E7800C08E2C /* sock_ntop_host.c */; };
		6A1AC10D19822E7800C08E2C /* sock_set_addr.c in Sources */ = {isa = PBXBuildFile; fileRef = 6A1AC08819822E7800C08E2C /* sock_set_addr.c */; };
		6A1AC10F19822E7800C08E2C /* sock_set_port.c in Sources */ = {isa = PBXBuildFile; fileRef = 6A1AC08A19822E7800C08E2C /* sock_set_port.c */; };
		6A1AC11119822E7800C08E2C /* sock_set_wild.c in Sources */ = {isa = PBXBuildFile; fileRef = 6A1AC08C19822E7800C08E2C /* sock_set_wild.c */; };
		6A1AC11319822E7800C08E2C /* sockatmark.c in Sources */ = {isa = PBXBuildFile; fileRef = 6A1AC08E19822E7800C08E2C /* sockatmark.c */; };
		6A1AC11419822E7800C08E2C /* sockfd_to_family.c in Sources */ = {isa = PBXBuildFile; fileRef = 6A1AC08F19822E7800C08E2C /* sockfd_to_family.c */; };
		6A1AC11619822E7800C08E2C /* str_cli.c in Sources */ = {isa = PBXBuildFile; fileRef = 6A1AC09219822E7800C08E2C /* str_cli.c */; };
		6A1AC11819822E7800C08E2C /* str_echo.c in Sources */ = {isa = PBXBuildFile; fileRef = 6A1AC09519822E7800C08E2C /* str_echo.c */; };
		6A1AC11A19822E7800C08E2C /* tcp_connect.c in Sources */ = {isa = PBXBuildFile; fileRef = 6A1AC09819822E7800C08E2C /* tcp_connect.c */; };
		6A1AC11C19822E7800C08E2C /* tcp_listen.c in Sources */ = {isa = PBXBuildFile; fileRef = 6A1AC09B19822E7800C08E2C /* tcp_listen.c */; };
		6A1AC11E19822E7800C08E2C /* tv_sub.c in Sources */ = {isa = PBXBuildFile; fileRef = 6A1AC09E19822E7800C08E2C /* tv_sub.c */; };
		6A1AC12019822E7800C08E2C /* udp_client.c in Sources */ = {isa = PBXBuildFile; fileRef = 6A1AC0A019822E7800C08E2C /* udp_client.c */; };
		6A1AC12219822E7800C08E2C /* udp_connect.c in Sources */ = {isa = PBXBuildFile; fileRef = 6A1AC0A319822E7800C08E2C /* udp_connect.c */; };
		6A1AC12419822E7800C08E2C /* udp_server.c in Sources */ = {isa = PBXBuildFile; fileRef = 6A1AC0A619822E7800C08E2C /* udp_server.c */; };
		6A1AC12619822E7800C08E2C /* wraplib.c in Sources */ = {isa = PBXBuildFile; fileRef = 6A1AC0AF19822E7800C08E2C /* wraplib.c */; };
		6A1AC12819822E7800C08E2C /* wrappthread.c in Sources */ = {isa = PBXBuildFile; fileRef = 6A1AC0B119822E7800C08E2C /* wrappthread.c */; };
		6A1AC12A19822E7800C08E2C /* wrapsock.c in Sources */ = {isa = PBXBuildFile; fileRef = 6A1AC0B419822E7800C08E2C /* wrapsock.c */; };
		6A1AC12C19822E7800C08E2C /* wrapstdio.c in Sources */ = {isa = PBXBuildFile; fileRef = 6A1AC0B719822E7800C08E2C /* wrapstdio.c */; };
		6A1AC12E19822E7800C08E2C /* wrapunix.c in Sources */ = {isa = PBXBuildFile; fileRef = 6A1AC0B919822E7800C08E2C /* wrapunix.c */; };
		6A1AC13019822E7800C08E2C /* writable_timeo.c in Sources */ = {isa = PBXBuildFile; fileRef = 6A1AC0BB19822E7800C08E2C /* writable_timeo.c */; };
		6A1AC13219822E7800C08E2C /* write_fd.c in Sources */ = {isa = PBXBuildFile; fileRef = 6A1AC0BD19822E7800C08E2C /* write_fd.c */; };
		6A1AC13419822E7800C08E2C /* writen.c in Sources */ = {isa = PBXBuildFile; fileRef = 6A1AC0C019822E7800C08E2C /* writen.c */; };
		6A1AC13719824DE300C08E2C /* reflection.c in Sources */ = {isa = PBXBuildFile; fileRef = 6A1AC13619824DE300C08E2C /* reflection.c */; };
		6A1AC1391982544100C08E2C /* quick_listen.c in Sources */ = {isa = PBXBuildFile; fileRef = 6A1AC1381982544100C08E2C /* quick_listen.c */; };
/* End PBXBuildFile section */

/* Begin PBXCopyFilesBuildPhase section */
		6A1ABF1219822CE200C08E2C /* CopyFiles */ = {
			isa = PBXCopyFilesBuildPhase;
			buildActionMask = 2147483647;
			dstPath = /usr/share/man/man1;
			dstSubfolderSpec = 0;
			files = (
			);
			runOnlyForDeploymentPostprocessing = 1;
		};
/* End PBXCopyFilesBuildPhase section */

/* Begin PBXFileReference section */
		6A1ABF1419822CE200C08E2C /* UNPProject */ = {isa = PBXFileReference; explicitFileType = "compiled.mach-o.executable"; includeInIndex = 0; path = UNPProject; sourceTree = BUILT_PRODUCTS_DIR; };
		6A1ABF1719822CE200C08E2C /* time.c */ = {isa = PBXFileReference; lastKnownFileType = sourcecode.c.c; path = time.c; sourceTree = "<group>"; };
		6A1AC02B19822E7800C08E2C /* config.h */ = {isa = PBXFileReference; fileEncoding = 4; lastKnownFileType = sourcecode.c.h; name = config.h; path = unp/unpv13e/config.h; sourceTree = SOURCE_ROOT; };
		6A1AC02D19822E7800C08E2C /* addrinfo.h */ = {isa = PBXFileReference; fileEncoding = 4; lastKnownFileType = sourcecode.c.h; path = addrinfo.h; sourceTree = "<group>"; };
		6A1AC02E19822E7800C08E2C /* connect_nonb.c */ = {isa = PBXFileReference; fileEncoding = 4; lastKnownFileType = sourcecode.c.c; path = connect_nonb.c; sourceTree = "<group>"; };
		6A1AC02F19822E7800C08E2C /* connect_nonb.lc */ = {isa = PBXFileReference; fileEncoding = 4; lastKnownFileType = text; path = connect_nonb.lc; sourceTree = "<group>"; };
		6A1AC03119822E7800C08E2C /* connect_timeo.c */ = {isa = PBXFileReference; fileEncoding = 4; lastKnownFileType = sourcecode.c.c; path = connect_timeo.c; sourceTree = "<group>"; };
		6A1AC03219822E7800C08E2C /* connect_timeo.lc */ = {isa = PBXFileReference; fileEncoding = 4; lastKnownFileType = text; path = connect_timeo.lc; sourceTree = "<group>"; };
		6A1AC03419822E7800C08E2C /* daemon_inetd.c */ = {isa = PBXFileReference; fileEncoding = 4; lastKnownFileType = sourcecode.c.c; path = daemon_inetd.c; sourceTree = "<group>"; };
		6A1AC03519822E7800C08E2C /* daemon_inetd.lc */ = {isa = PBXFileReference; fileEncoding = 4; lastKnownFileType = text; path = daemon_inetd.lc; sourceTree = "<group>"; };
		6A1AC03719822E7800C08E2C /* daemon_init.c */ = {isa = PBXFileReference; fileEncoding = 4; lastKnownFileType = sourcecode.c.c; path = daemon_init.c; sourceTree = "<group>"; };
		6A1AC03919822E7800C08E2C /* dg_cli.c */ = {isa = PBXFileReference; fileEncoding = 4; lastKnownFileType = sourcecode.c.c; path = dg_cli.c; sourceTree = "<group>"; };
		6A1AC03B19822E7800C08E2C /* dg_echo.c */ = {isa = PBXFileReference; fileEncoding = 4; lastKnownFileType = sourcecode.c.c; path = dg_echo.c; sourceTree = "<group>"; };
		6A1AC03D19822E7800C08E2C /* error.c */ = {isa = PBXFileReference; fileEncoding = 4; lastKnownFileType = sourcecode.c.c; path = error.c; sourceTree = "<group>"; };
		6A1AC03F19822E7800C08E2C /* family_to_level.c */ = {isa = PBXFileReference; fileEncoding = 4; lastKnownFileType = sourcecode.c.c; path = family_to_level.c; sourceTree = "<group>"; };
		6A1AC04119822E7800C08E2C /* get_ifi_info.c */ = {isa = PBXFileReference; fileEncoding = 4; lastKnownFileType = sourcecode.c.c; path = get_ifi_info.c; sourceTree = "<group>"; };
		6A1AC04219822E7800C08E2C /* get_ifi_info.lc */ = {isa = PBXFileReference; fileEncoding = 4; lastKnownFileType = text; path = get_ifi_info.lc; sourceTree = "<group>"; };
		6A1AC04419822E7800C08E2C /* gf_time.c */ = {isa = PBXFileReference; fileEncoding = 4; lastKnownFileType = sourcecode.c.c; path = gf_time.c; sourceTree = "<group>"; };
		6A1AC04619822E7800C08E2C /* host_serv.c */ = {isa = PBXFileReference; fileEncoding = 4; lastKnownFileType = sourcecode.c.c; path = host_serv.c; sourceTree = "<group>"; };
		6A1AC04719822E7800C08E2C /* host_serv.lc */ = {isa = PBXFileReference; fileEncoding = 4; lastKnownFileType = text; path = host_serv.lc; sourceTree = "<group>"; };
		6A1AC04919822E7800C08E2C /* hstrerror.c */ = {isa = PBXFileReference; fileEncoding = 4; lastKnownFileType = sourcecode.c.c; path = hstrerror.c; sourceTree = "<group>"; };
		6A1AC04A19822E7800C08E2C /* if_indextoname.c */ = {isa = PBXFileReference; fileEncoding = 4; lastKnownFileType = sourcecode.c.c; path = if_indextoname.c; sourceTree = "<group>"; };
		6A1AC04B19822E7800C08E2C /* if_nameindex.c */ = {isa = PBXFileReference; fileEncoding = 4; lastKnownFileType = sourcecode.c.c; path = if_nameindex.c; sourceTree = "<group>"; };
		6A1AC04C19822E7800C08E2C /* if_nametoindex.c */ = {isa = PBXFileReference; fileEncoding = 4; lastKnownFileType = sourcecode.c.c; path = if_nametoindex.c; sourceTree = "<group>"; };
		6A1AC04D19822E7800C08E2C /* in6addr_any.c */ = {isa = PBXFileReference; fileEncoding = 4; lastKnownFileType = sourcecode.c.c; path = in6addr_any.c; sourceTree = "<group>"; };
		6A1AC04E19822E7800C08E2C /* Makefile */ = {isa = PBXFileReference; fileEncoding = 4; lastKnownFileType = sourcecode.make; path = Makefile; sourceTree = "<group>"; };
		6A1AC04F19822E7800C08E2C /* mcast_get_if.c */ = {isa = PBXFileReference; fileEncoding = 4; lastKnownFileType = sourcecode.c.c; path = mcast_get_if.c; sourceTree = "<group>"; };
		6A1AC05119822E7800C08E2C /* mcast_get_loop.c */ = {isa = PBXFileReference; fileEncoding = 4; lastKnownFileType = sourcecode.c.c; path = mcast_get_loop.c; sourceTree = "<group>"; };
		6A1AC05319822E7800C08E2C /* mcast_get_ttl.c */ = {isa = PBXFileReference; fileEncoding = 4; lastKnownFileType = sourcecode.c.c; path = mcast_get_ttl.c; sourceTree = "<group>"; };
		6A1AC05519822E7800C08E2C /* mcast_join.c */ = {isa = PBXFileReference; fileEncoding = 4; lastKnownFileType = sourcecode.c.c; path = mcast_join.c; sourceTree = "<group>"; };
		6A1AC05619822E7800C08E2C /* mcast_join.lc */ = {isa = PBXFileReference; fileEncoding = 4; lastKnownFileType = text; path = mcast_join.lc; sourceTree = "<group>"; };
		6A1AC05819822E7800C08E2C /* mcast_leave.c */ = {isa = PBXFileReference; fileEncoding = 4; lastKnownFileType = sourcecode.c.c; path = mcast_leave.c; sourceTree = "<group>"; };
		6A1AC05A19822E7800C08E2C /* mcast_set_if.c */ = {isa = PBXFileReference; fileEncoding = 4; lastKnownFileType = sourcecode.c.c; path = mcast_set_if.c; sourceTree = "<group>"; };
		6A1AC05C19822E7800C08E2C /* mcast_set_loop.c */ = {isa = PBXFileReference; fileEncoding = 4; lastKnownFileType = sourcecode.c.c; path = mcast_set_loop.c; sourceTree = "<group>"; };
		6A1AC05D19822E7800C08E2C /* mcast_set_loop.lc */ = {isa = PBXFileReference; fileEncoding = 4; lastKnownFileType = text; path = mcast_set_loop.lc; sourceTree = "<group>"; };
		6A1AC05F19822E7800C08E2C /* mcast_set_ttl.c */ = {isa = PBXFileReference; fileEncoding = 4; lastKnownFileType = sourcecode.c.c; path = mcast_set_ttl.c; sourceTree = "<group>"; };
		6A1AC06119822E7800C08E2C /* my_addrs.c */ = {isa = PBXFileReference; fileEncoding = 4; lastKnownFileType = sourcecode.c.c; path = my_addrs.c; sourceTree = "<group>"; };
		6A1AC06219822E7800C08E2C /* my_addrs.lc */ = {isa = PBXFileReference; fileEncoding = 4; lastKnownFileType = text; path = my_addrs.lc; sourceTree = "<group>"; };
		6A1AC06419822E7800C08E2C /* pselect.c */ = {isa = PBXFileReference; fileEncoding = 4; lastKnownFileType = sourcecode.c.c; path = pselect.c; sourceTree = "<group>"; };
		6A1AC06519822E7800C08E2C /* pselect.lc */ = {isa = PBXFileReference; fileEncoding = 4; lastKnownFileType = text; path = pselect.lc; sourceTree = "<group>"; };
		6A1AC06619822E7800C08E2C /* read_fd.c */ = {isa = PBXFileReference; fileEncoding = 4; lastKnownFileType = sourcecode.c.c; path = read_fd.c; sourceTree = "<group>"; };
		6A1AC06719822E7800C08E2C /* read_fd.lc */ = {isa = PBXFileReference; fileEncoding = 4; lastKnownFileType = text; path = read_fd.lc; sourceTree = "<group>"; };
		6A1AC06919822E7800C08E2C /* readable_timeo.c */ = {isa = PBXFileReference; fileEncoding = 4; lastKnownFileType = sourcecode.c.c; path = readable_timeo.c; sourceTree = "<group>"; };
		6A1AC06A19822E7800C08E2C /* readable_timeo.lc */ = {isa = PBXFileReference; fileEncoding = 4; lastKnownFileType = text; path = readable_timeo.lc; sourceTree = "<group>"; };
		6A1AC06C19822E7800C08E2C /* readline.c */ = {isa = PBXFileReference; fileEncoding = 4; lastKnownFileType = sourcecode.c.c; path = readline.c; sourceTree = "<group>"; };
		6A1AC06D19822E7800C08E2C /* readline.lc */ = {isa = PBXFileReference; fileEncoding = 4; lastKnownFileType = text; path = readline.lc; sourceTree = "<group>"; };
		6A1AC06F19822E7800C08E2C /* readn.c */ = {isa = PBXFileReference; fileEncoding = 4; lastKnownFileType = sourcecode.c.c; path = readn.c; sourceTree = "<group>"; };
		6A1AC07019822E7800C08E2C /* readn.lc */ = {isa = PBXFileReference; fileEncoding = 4; lastKnownFileType = text; path = readn.lc; sourceTree = "<group>"; };
		6A1AC07219822E7800C08E2C /* rtt.c */ = {isa = PBXFileReference; fileEncoding = 4; lastKnownFileType = sourcecode.c.c; path = rtt.c; sourceTree = "<group>"; };
		6A1AC07319822E7800C08E2C /* rtt.lc */ = {isa = PBXFileReference; fileEncoding = 4; lastKnownFileType = text; path = rtt.lc; sourceTree = "<group>"; };
		6A1AC07519822E7800C08E2C /* signal.c */ = {isa = PBXFileReference; fileEncoding = 4; lastKnownFileType = sourcecode.c.c; path = signal.c; sourceTree = "<group>"; };
		6A1AC07619822E7800C08E2C /* signal.lc */ = {isa = PBXFileReference; fileEncoding = 4; lastKnownFileType = text; path = signal.lc; sourceTree = "<group>"; };
		6A1AC07819822E7800C08E2C /* signal_intr.c */ = {isa = PBXFileReference; fileEncoding = 4; lastKnownFileType = sourcecode.c.c; path = signal_intr.c; sourceTree = "<group>"; };
		6A1AC07B19822E7800C08E2C /* sock_bind_wild.c */ = {isa = PBXFileReference; fileEncoding = 4; lastKnownFileType = sourcecode.c.c; path = sock_bind_wild.c; sourceTree = "<group>"; };
		6A1AC07D19822E7800C08E2C /* sock_cmp_addr.c */ = {isa = PBXFileReference; fileEncoding = 4; lastKnownFileType = sourcecode.c.c; path = sock_cmp_addr.c; sourceTree = "<group>"; };
		6A1AC07F19822E7800C08E2C /* sock_cmp_port.c */ = {isa = PBXFileReference; fileEncoding = 4; lastKnownFileType = sourcecode.c.c; path = sock_cmp_port.c; sourceTree = "<group>"; };
		6A1AC08119822E7800C08E2C /* sock_get_port.c */ = {isa = PBXFileReference; fileEncoding = 4; lastKnownFileType = sourcecode.c.c; path = sock_get_port.c; sourceTree = "<group>"; };
		6A1AC08319822E7800C08E2C /* sock_ntop.c */ = {isa = PBXFileReference; fileEncoding = 4; lastKnownFileType = sourcecode.c.c; path = sock_ntop.c; sourceTree = "<group>"; };
		6A1AC08419822E7800C08E2C /* sock_ntop.lc */ = {isa = PBXFileReference; fileEncoding = 4; lastKnownFileType = text; path = sock_ntop.lc; sourceTree = "<group>"; };
		6A1AC08619822E7800C08E2C /* sock_ntop_host.c */ = {isa = PBXFileReference; fileEncoding = 4; lastKnownFileType = sourcecode.c.c; path = sock_ntop_host.c; sourceTree = "<group>"; };
		6A1AC08819822E7800C08E2C /* sock_set_addr.c */ = {isa = PBXFileReference; fileEncoding = 4; lastKnownFileType = sourcecode.c.c; path = sock_set_addr.c; sourceTree = "<group>"; };
		6A1AC08A19822E7800C08E2C /* sock_set_port.c */ = {isa = PBXFileReference; fileEncoding = 4; lastKnownFileType = sourcecode.c.c; path = sock_set_port.c; sourceTree = "<group>"; };
		6A1AC08C19822E7800C08E2C /* sock_set_wild.c */ = {isa = PBXFileReference; fileEncoding = 4; lastKnownFileType = sourcecode.c.c; path = sock_set_wild.c; sourceTree = "<group>"; };
		6A1AC08E19822E7800C08E2C /* sockatmark.c */ = {isa = PBXFileReference; fileEncoding = 4; lastKnownFileType = sourcecode.c.c; path = sockatmark.c; sourceTree = "<group>"; };
		6A1AC08F19822E7800C08E2C /* sockfd_to_family.c */ = {isa = PBXFileReference; fileEncoding = 4; lastKnownFileType = sourcecode.c.c; path = sockfd_to_family.c; sourceTree = "<group>"; };
		6A1AC09019822E7800C08E2C /* sockfd_to_family.lc */ = {isa = PBXFileReference; fileEncoding = 4; lastKnownFileType = text; path = sockfd_to_family.lc; sourceTree = "<group>"; };
		6A1AC09219822E7800C08E2C /* str_cli.c */ = {isa = PBXFileReference; fileEncoding = 4; lastKnownFileType = sourcecode.c.c; path = str_cli.c; sourceTree = "<group>"; };
		6A1AC09319822E7800C08E2C /* str_cli.lc */ = {isa = PBXFileReference; fileEncoding = 4; lastKnownFileType = text; path = str_cli.lc; sourceTree = "<group>"; };
		6A1AC09519822E7800C08E2C /* str_echo.c */ = {isa = PBXFileReference; fileEncoding = 4; lastKnownFileType = sourcecode.c.c; path = str_echo.c; sourceTree = "<group>"; };
		6A1AC09619822E7800C08E2C /* str_echo.lc */ = {isa = PBXFileReference; fileEncoding = 4; lastKnownFileType = text; path = str_echo.lc; sourceTree = "<group>"; };
		6A1AC09819822E7800C08E2C /* tcp_connect.c */ = {isa = PBXFileReference; fileEncoding = 4; lastKnownFileType = sourcecode.c.c; path = tcp_connect.c; sourceTree = "<group>"; };
		6A1AC09919822E7800C08E2C /* tcp_connect.lc */ = {isa = PBXFileReference; fileEncoding = 4; lastKnownFileType = text; path = tcp_connect.lc; sourceTree = "<group>"; };
		6A1AC09B19822E7800C08E2C /* tcp_listen.c */ = {isa = PBXFileReference; fileEncoding = 4; lastKnownFileType = sourcecode.c.c; path = tcp_listen.c; sourceTree = "<group>"; };
		6A1AC09C19822E7800C08E2C /* tcp_listen.lc */ = {isa = PBXFileReference; fileEncoding = 4; lastKnownFileType = text; path = tcp_listen.lc; sourceTree = "<group>"; };
		6A1AC09E19822E7800C08E2C /* tv_sub.c */ = {isa = PBXFileReference; fileEncoding = 4; lastKnownFileType = sourcecode.c.c; path = tv_sub.c; sourceTree = "<group>"; };
		6A1AC0A019822E7800C08E2C /* udp_client.c */ = {isa = PBXFileReference; fileEncoding = 4; lastKnownFileType = sourcecode.c.c; path = udp_client.c; sourceTree = "<group>"; };
		6A1AC0A119822E7800C08E2C /* udp_client.lc */ = {isa = PBXFileReference; fileEncoding = 4; lastKnownFileType = text; path = udp_client.lc; sourceTree = "<group>"; };
		6A1AC0A319822E7800C08E2C /* udp_connect.c */ = {isa = PBXFileReference; fileEncoding = 4; lastKnownFileType = sourcecode.c.c; path = udp_connect.c; sourceTree = "<group>"; };
		6A1AC0A419822E7800C08E2C /* udp_connect.lc */ = {isa = PBXFileReference; fileEncoding = 4; lastKnownFileType = text; path = udp_connect.lc; sourceTree = "<group>"; };
		6A1AC0A619822E7800C08E2C /* udp_server.c */ = {isa = PBXFileReference; fileEncoding = 4; lastKnownFileType = sourcecode.c.c; path = udp_server.c; sourceTree = "<group>"; };
		6A1AC0A719822E7800C08E2C /* udp_server.lc */ = {isa = PBXFileReference; fileEncoding = 4; lastKnownFileType = text; path = udp_server.lc; sourceTree = "<group>"; };
		6A1AC0A919822E7800C08E2C /* unp.h */ = {isa = PBXFileReference; fileEncoding = 4; lastKnownFileType = sourcecode.c.h; name = unp.h; path = ../unp/unpv13e/lib/unp.h; sourceTree = "<group>"; };
		6A1AC0AA19822E7800C08E2C /* unp.lh */ = {isa = PBXFileReference; fileEncoding = 4; lastKnownFileType = text; path = unp.lh; sourceTree = "<group>"; };
		6A1AC0AB19822E7800C08E2C /* unpifi.h */ = {isa = PBXFileReference; fileEncoding = 4; lastKnownFileType = sourcecode.c.h; path = unpifi.h; sourceTree = "<group>"; };
		6A1AC0AC19822E7800C08E2C /* unprtt.h */ = {isa = PBXFileReference; fileEncoding = 4; lastKnownFileType = sourcecode.c.h; path = unprtt.h; sourceTree = "<group>"; };
		6A1AC0AD19822E7800C08E2C /* unprtt.lh */ = {isa = PBXFileReference; fileEncoding = 4; lastKnownFileType = text; path = unprtt.lh; sourceTree = "<group>"; };
		6A1AC0AE19822E7800C08E2C /* unpthread.h */ = {isa = PBXFileReference; fileEncoding = 4; lastKnownFileType = sourcecode.c.h; path = unpthread.h; sourceTree = "<group>"; };
		6A1AC0AF19822E7800C08E2C /* wraplib.c */ = {isa = PBXFileReference; fileEncoding = 4; lastKnownFileType = sourcecode.c.c; path = wraplib.c; sourceTree = "<group>"; };
		6A1AC0B119822E7800C08E2C /* wrappthread.c */ = {isa = PBXFileReference; fileEncoding = 4; lastKnownFileType = sourcecode.c.c; path = wrappthread.c; sourceTree = "<group>"; };
		6A1AC0B219822E7800C08E2C /* wrappthread.lc */ = {isa = PBXFileReference; fileEncoding = 4; lastKnownFileType = text; path = wrappthread.lc; sourceTree = "<group>"; };
		6A1AC0B419822E7800C08E2C /* wrapsock.c */ = {isa = PBXFileReference; fileEncoding = 4; lastKnownFileType = sourcecode.c.c; path = wrapsock.c; sourceTree = "<group>"; };
		6A1AC0B519822E7800C08E2C /* wrapsock.lc */ = {isa = PBXFileReference; fileEncoding = 4; lastKnownFileType = text; path = wrapsock.lc; sourceTree = "<group>"; };
		6A1AC0B719822E7800C08E2C /* wrapstdio.c */ = {isa = PBXFileReference; fileEncoding = 4; lastKnownFileType = sourcecode.c.c; path = wrapstdio.c; sourceTree = "<group>"; };
		6A1AC0B919822E7800C08E2C /* wrapunix.c */ = {isa = PBXFileReference; fileEncoding = 4; lastKnownFileType = sourcecode.c.c; path = wrapunix.c; sourceTree = "<group>"; };
		6A1AC0BB19822E7800C08E2C /* writable_timeo.c */ = {isa = PBXFileReference; fileEncoding = 4; lastKnownFileType = sourcecode.c.c; path = writable_timeo.c; sourceTree = "<group>"; };
		6A1AC0BD19822E7800C08E2C /* write_fd.c */ = {isa = PBXFileReference; fileEncoding = 4; lastKnownFileType = sourcecode.c.c; path = write_fd.c; sourceTree = "<group>"; };
		6A1AC0BE19822E7800C08E2C /* write_fd.lc */ = {isa = PBXFileReference; fileEncoding = 4; lastKnownFileType = text; path = write_fd.lc; sourceTree = "<group>"; };
		6A1AC0C019822E7800C08E2C /* writen.c */ = {isa = PBXFileReference; fileEncoding = 4; lastKnownFileType = sourcecode.c.c; path = writen.c; sourceTree = "<group>"; };
		6A1AC0C119822E7800C08E2C /* writen.lc */ = {isa = PBXFileReference; fileEncoding = 4; lastKnownFileType = text; path = writen.lc; sourceTree = "<group>"; };
		6A1AC13619824DE300C08E2C /* reflection.c */ = {isa = PBXFileReference; fileEncoding = 4; lastKnownFileType = sourcecode.c.c; path = reflection.c; sourceTree = "<group>"; };
		6A1AC1381982544100C08E2C /* quick_listen.c */ = {isa = PBXFileReference; fileEncoding = 4; lastKnownFileType = sourcecode.c.c; path = quick_listen.c; sourceTree = "<group>"; };
/* End PBXFileReference section */

/* Begin PBXFrameworksBuildPhase section */
		6A1ABF1119822CE200C08E2C /* Frameworks */ = {
			isa = PBXFrameworksBuildPhase;
			buildActionMask = 2147483647;
			files = (
			);
			runOnlyForDeploymentPostprocessing = 0;
		};
/* End PBXFrameworksBuildPhase section */

/* Begin PBXGroup section */
		6A1ABF0B19822CE200C08E2C = {
			isa = PBXGroup;
			children = (
				6A1ABF1619822CE200C08E2C /* UNPProject */,
				6A1ABF1519822CE200C08E2C /* Products */,
			);
			sourceTree = "<group>";
		};
		6A1ABF1519822CE200C08E2C /* Products */ = {
			isa = PBXGroup;
			children = (
				6A1ABF1419822CE200C08E2C /* UNPProject */,
			);
			name = Products;
			sourceTree = "<group>";
		};
		6A1ABF1619822CE200C08E2C /* UNPProject */ = {
			isa = PBXGroup;
			children = (
				6A1AC02C19822E7800C08E2C /* lib */,
				6A1AC02B19822E7800C08E2C /* config.h */,
				6A1AC0A919822E7800C08E2C /* unp.h */,
				6A1ABF1719822CE200C08E2C /* time.c */,
				6A1AC13619824DE300C08E2C /* reflection.c */,
			);
			path = UNPProject;
			sourceTree = "<group>";
		};
		6A1AC02C19822E7800C08E2C /* lib */ = {
			isa = PBXGroup;
			children = (
				6A1AC0AA19822E7800C08E2C /* unp.lh */,
				6A1AC02D19822E7800C08E2C /* addrinfo.h */,
				6A1AC02E19822E7800C08E2C /* connect_nonb.c */,
				6A1AC02F19822E7800C08E2C /* connect_nonb.lc */,
				6A1AC03119822E7800C08E2C /* connect_timeo.c */,
				6A1AC03219822E7800C08E2C /* connect_timeo.lc */,
				6A1AC03419822E7800C08E2C /* daemon_inetd.c */,
				6A1AC03519822E7800C08E2C /* daemon_inetd.lc */,
				6A1AC03719822E7800C08E2C /* daemon_init.c */,
				6A1AC03919822E7800C08E2C /* dg_cli.c */,
				6A1AC03B19822E7800C08E2C /* dg_echo.c */,
				6A1AC03D19822E7800C08E2C /* error.c */,
				6A1AC03F19822E7800C08E2C /* family_to_level.c */,
				6A1AC04119822E7800C08E2C /* get_ifi_info.c */,
				6A1AC04219822E7800C08E2C /* get_ifi_info.lc */,
				6A1AC04419822E7800C08E2C /* gf_time.c */,
				6A1AC04619822E7800C08E2C /* host_serv.c */,
				6A1AC04719822E7800C08E2C /* host_serv.lc */,
				6A1AC04919822E7800C08E2C /* hstrerror.c */,
				6A1AC04A19822E7800C08E2C /* if_indextoname.c */,
				6A1AC04B19822E7800C08E2C /* if_nameindex.c */,
				6A1AC04C19822E7800C08E2C /* if_nametoindex.c */,
				6A1AC04D19822E7800C08E2C /* in6addr_any.c */,
				6A1AC04E19822E7800C08E2C /* Makefile */,
				6A1AC04F19822E7800C08E2C /* mcast_get_if.c */,
				6A1AC05119822E7800C08E2C /* mcast_get_loop.c */,
				6A1AC05319822E7800C08E2C /* mcast_get_ttl.c */,
				6A1AC05519822E7800C08E2C /* mcast_join.c */,
				6A1AC05619822E7800C08E2C /* mcast_join.lc */,
				6A1AC05819822E7800C08E2C /* mcast_leave.c */,
				6A1AC05A19822E7800C08E2C /* mcast_set_if.c */,
				6A1AC05C19822E7800C08E2C /* mcast_set_loop.c */,
				6A1AC05D19822E7800C08E2C /* mcast_set_loop.lc */,
				6A1AC05F19822E7800C08E2C /* mcast_set_ttl.c */,
				6A1AC06119822E7800C08E2C /* my_addrs.c */,
				6A1AC06219822E7800C08E2C /* my_addrs.lc */,
				6A1AC06419822E7800C08E2C /* pselect.c */,
				6A1AC06519822E7800C08E2C /* pselect.lc */,
				6A1AC06619822E7800C08E2C /* read_fd.c */,
				6A1AC06719822E7800C08E2C /* read_fd.lc */,
				6A1AC06919822E7800C08E2C /* readable_timeo.c */,
				6A1AC06A19822E7800C08E2C /* readable_timeo.lc */,
				6A1AC06C19822E7800C08E2C /* readline.c */,
				6A1AC06D19822E7800C08E2C /* readline.lc */,
				6A1AC06F19822E7800C08E2C /* readn.c */,
				6A1AC07019822E7800C08E2C /* readn.lc */,
				6A1AC07219822E7800C08E2C /* rtt.c */,
				6A1AC07319822E7800C08E2C /* rtt.lc */,
				6A1AC07519822E7800C08E2C /* signal.c */,
				6A1AC07619822E7800C08E2C /* signal.lc */,
				6A1AC07819822E7800C08E2C /* signal_intr.c */,
				6A1AC07B19822E7800C08E2C /* sock_bind_wild.c */,
				6A1AC07D19822E7800C08E2C /* sock_cmp_addr.c */,
				6A1AC07F19822E7800C08E2C /* sock_cmp_port.c */,
				6A1AC08119822E7800C08E2C /* sock_get_port.c */,
				6A1AC08319822E7800C08E2C /* sock_ntop.c */,
				6A1AC08419822E7800C08E2C /* sock_ntop.lc */,
				6A1AC08619822E7800C08E2C /* sock_ntop_host.c */,
				6A1AC08819822E7800C08E2C /* sock_set_addr.c */,
				6A1AC08A19822E7800C08E2C /* sock_set_port.c */,
				6A1AC08C19822E7800C08E2C /* sock_set_wild.c */,
				6A1AC08E19822E7800C08E2C /* sockatmark.c */,
				6A1AC08F19822E7800C08E2C /* sockfd_to_family.c */,
				6A1AC09019822E7800C08E2C /* sockfd_to_family.lc */,
				6A1AC09219822E7800C08E2C /* str_cli.c */,
				6A1AC09319822E7800C08E2C /* str_cli.lc */,
				6A1AC09519822E7800C08E2C /* str_echo.c */,
				6A1AC09619822E7800C08E2C /* str_echo.lc */,
				6A1AC09819822E7800C08E2C /* tcp_connect.c */,
				6A1AC09919822E7800C08E2C /* tcp_connect.lc */,
				6A1AC09B19822E7800C08E2C /* tcp_listen.c */,
				6A1AC09C19822E7800C08E2C /* tcp_listen.lc */,
				6A1AC09E19822E7800C08E2C /* tv_sub.c */,
				6A1AC0A019822E7800C08E2C /* udp_client.c */,
				6A1AC0A119822E7800C08E2C /* udp_client.lc */,
				6A1AC0A319822E7800C08E2C /* udp_connect.c */,
				6A1AC0A419822E7800C08E2C /* udp_connect.lc */,
				6A1AC0A619822E7800C08E2C /* udp_server.c */,
				6A1AC0A719822E7800C08E2C /* udp_server.lc */,
				6A1AC0AB19822E7800C08E2C /* unpifi.h */,
				6A1AC0AC19822E7800C08E2C /* unprtt.h */,
				6A1AC0AD19822E7800C08E2C /* unprtt.lh */,
				6A1AC0AE19822E7800C08E2C /* unpthread.h */,
				6A1AC0AF19822E7800C08E2C /* wraplib.c */,
				6A1AC0B119822E7800C08E2C /* wrappthread.c */,
				6A1AC0B219822E7800C08E2C /* wrappthread.lc */,
				6A1AC0B419822E7800C08E2C /* wrapsock.c */,
				6A1AC0B519822E7800C08E2C /* wrapsock.lc */,
				6A1AC0B719822E7800C08E2C /* wrapstdio.c */,
				6A1AC0B919822E7800C08E2C /* wrapunix.c */,
				6A1AC0BB19822E7800C08E2C /* writable_timeo.c */,
				6A1AC0BD19822E7800C08E2C /* write_fd.c */,
				6A1AC0BE19822E7800C08E2C /* write_fd.lc */,
				6A1AC0C019822E7800C08E2C /* writen.c */,
				6A1AC0C119822E7800C08E2C /* writen.lc */,
				6A1AC1381982544100C08E2C /* quick_listen.c */,
			);
			name = lib;
			path = unp/unpv13e/lib;
			sourceTree = SOURCE_ROOT;
		};
/* End PBXGroup section */

/* Begin PBXNativeTarget section */
		6A1ABF1319822CE200C08E2C /* UNPProject */ = {
			isa = PBXNativeTarget;
			buildConfigurationList = 6A1ABF1D19822CE200C08E2C /* Build configuration list for PBXNativeTarget "UNPProject" */;
			buildPhases = (
				6A1ABF1019822CE200C08E2C /* Sources */,
				6A1ABF1119822CE200C08E2C /* Frameworks */,
				6A1ABF1219822CE200C08E2C /* CopyFiles */,
			);
			buildRules = (
			);
			dependencies = (
			);
			name = UNPProject;
			productName = UNPProject;
			productReference = 6A1ABF1419822CE200C08E2C /* UNPProject */;
			productType = "com.apple.product-type.tool";
		};
/* End PBXNativeTarget section */

/* Begin PBXProject section */
		6A1ABF0C19822CE200C08E2C /* Project object */ = {
			isa = PBXProject;
			attributes = {
				LastUpgradeCheck = 0510;
				ORGANIZATIONNAME = HalloWorld;
			};
			buildConfigurationList = 6A1ABF0F19822CE200C08E2C /* Build configuration list for PBXProject "UNPProject" */;
			compatibilityVersion = "Xcode 3.2";
			developmentRegion = English;
			hasScannedForEncodings = 0;
			knownRegions = (
				en,
			);
			mainGroup = 6A1ABF0B19822CE200C08E2C;
			productRefGroup = 6A1ABF1519822CE200C08E2C /* Products */;
			projectDirPath = "";
			projectRoot = "";
			targets = (
				6A1ABF1319822CE200C08E2C /* UNPProject */,
			);
		};
/* End PBXProject section */

/* Begin PBXSourcesBuildPhase section */
		6A1ABF1019822CE200C08E2C /* Sources */ = {
			isa = PBXSourcesBuildPhase;
			buildActionMask = 2147483647;
			files = (
				6A1AC11E19822E7800C08E2C /* tv_sub.c in Sources */,
				6A1AC12E19822E7800C08E2C /* wrapunix.c in Sources */,
				6A1AC12A19822E7800C08E2C /* wrapsock.c in Sources */,
				6A1AC0FA19822E7800C08E2C /* rtt.c in Sources */,
				6A1AC0F419822E7800C08E2C /* readable_timeo.c in Sources */,
				6A1AC12619822E7800C08E2C /* wraplib.c in Sources */,
				6A1AC0FE19822E7800C08E2C /* signal_intr.c in Sources */,
				6A1AC0DE19822E7800C08E2C /* Makefile in Sources */,
				6A1AC0F819822E7800C08E2C /* readn.c in Sources */,
				6A1AC0D519822E7800C08E2C /* gf_time.c in Sources */,
				6A1AC0D719822E7800C08E2C /* host_serv.c in Sources */,
				6A1AC0D119822E7800C08E2C /* family_to_level.c in Sources */,
				6A1AC11619822E7800C08E2C /* str_cli.c in Sources */,
				6A1AC0DD19822E7800C08E2C /* in6addr_any.c in Sources */,
				6A1AC0C319822E7800C08E2C /* connect_nonb.c in Sources */,
				6A1AC0CF19822E7800C08E2C /* error.c in Sources */,
				6A1AC10119822E7800C08E2C /* sock_bind_wild.c in Sources */,
				6A1AC0E919822E7800C08E2C /* mcast_set_if.c in Sources */,
				6A1AC12C19822E7800C08E2C /* wrapstdio.c in Sources */,
				6A1AC11A19822E7800C08E2C /* tcp_connect.c in Sources */,
				6A1AC0DB19822E7800C08E2C /* if_nameindex.c in Sources */,
				6A1AC10D19822E7800C08E2C /* sock_set_addr.c in Sources */,
				6A1AC0F619822E7800C08E2C /* readline.c in Sources */,
				6A1AC0E119822E7800C08E2C /* mcast_get_loop.c in Sources */,
				6A1AC10B19822E7800C08E2C /* sock_ntop_host.c in Sources */,
				6A1AC10519822E7800C08E2C /* sock_cmp_port.c in Sources */,
				6A1AC13019822E7800C08E2C /* writable_timeo.c in Sources */,
				6A1AC10719822E7800C08E2C /* sock_get_port.c in Sources */,
				6A1AC10919822E7800C08E2C /* sock_ntop.c in Sources */,
				6A1AC0C719822E7800C08E2C /* daemon_inetd.c in Sources */,
				6A1AC0E719822E7800C08E2C /* mcast_leave.c in Sources */,
				6A1AC12419822E7800C08E2C /* udp_server.c in Sources */,
				6A1AC11819822E7800C08E2C /* str_echo.c in Sources */,
				6A1AC0D919822E7800C08E2C /* hstrerror.c in Sources */,
				6A1AC0ED19822E7800C08E2C /* mcast_set_ttl.c in Sources */,
				6A1AC0D319822E7800C08E2C /* get_ifi_info.c in Sources */,
				6A1AC0DA19822E7800C08E2C /* if_indextoname.c in Sources */,
				6A1AC12819822E7800C08E2C /* wrappthread.c in Sources */,
				6A1AC1391982544100C08E2C /* quick_listen.c in Sources */,
				6A1AC12019822E7800C08E2C /* udp_client.c in Sources */,
				6A1AC0E319822E7800C08E2C /* mcast_get_ttl.c in Sources */,
				6A1AC0DF19822E7800C08E2C /* mcast_get_if.c in Sources */,
				6A1AC0EB19822E7800C08E2C /* mcast_set_loop.c in Sources */,
				6A1AC13419822E7800C08E2C /* writen.c in Sources */,
				6A1AC11119822E7800C08E2C /* sock_set_wild.c in Sources */,
				6A1AC13219822E7800C08E2C /* write_fd.c in Sources */,
				6A1AC10319822E7800C08E2C /* sock_cmp_addr.c in Sources */,
				6A1AC0F219822E7800C08E2C /* read_fd.c in Sources */,
				6A1AC12219822E7800C08E2C /* udp_connect.c in Sources */,
				6A1AC11C19822E7800C08E2C /* tcp_listen.c in Sources */,
				6A1AC0DC19822E7800C08E2C /* if_nametoindex.c in Sources */,
				6A1AC10F19822E7800C08E2C /* sock_set_port.c in Sources */,
				6A1AC0CD19822E7800C08E2C /* dg_echo.c in Sources */,
				6A1AC0FC19822E7800C08E2C /* signal.c in Sources */,
				6A1AC11419822E7800C08E2C /* sockfd_to_family.c in Sources */,
				6A1AC0F119822E7800C08E2C /* pselect.c in Sources */,
				6A1AC13719824DE300C08E2C /* reflection.c in Sources */,
				6A1AC0E519822E7800C08E2C /* mcast_join.c in Sources */,
				6A1AC0C919822E7800C08E2C /* daemon_init.c in Sources */,
				6A1AC0EF19822E7800C08E2C /* my_addrs.c in Sources */,
				6A1AC0C519822E7800C08E2C /* connect_timeo.c in Sources */,
				6A1AC0CB19822E7800C08E2C /* dg_cli.c in Sources */,
				6A1AC11319822E7800C08E2C /* sockatmark.c in Sources */,
			);
			runOnlyForDeploymentPostprocessing = 0;
		};
/* End PBXSourcesBuildPhase section */

/* Begin XCBuildConfiguration section */
		6A1ABF1B19822CE200C08E2C /* Debug */ = {
			isa = XCBuildConfiguration;
			buildSettings = {
				ALWAYS_SEARCH_USER_PATHS = NO;
				CLANG_CXX_LANGUAGE_STANDARD = "gnu++0x";
				CLANG_CXX_LIBRARY = "libc++";
				CLANG_ENABLE_MODULES = YES;
				CLANG_ENABLE_OBJC_ARC = YES;
				CLANG_WARN_BOOL_CONVERSION = YES;
				CLANG_WARN_CONSTANT_CONVERSION = YES;
				CLANG_WARN_DIRECT_OBJC_ISA_USAGE = YES_ERROR;
				CLANG_WARN_EMPTY_BODY = YES;
				CLANG_WARN_ENUM_CONVERSION = YES;
				CLANG_WARN_INT_CONVERSION = YES;
				CLANG_WARN_OBJC_ROOT_CLASS = YES_ERROR;
				CLANG_WARN__DUPLICATE_METHOD_MATCH = YES;
				COPY_PHASE_STRIP = NO;
				GCC_C_LANGUAGE_STANDARD = gnu99;
				GCC_DYNAMIC_NO_PIC = NO;
				GCC_ENABLE_OBJC_EXCEPTIONS = YES;
				GCC_OPTIMIZATION_LEVEL = 0;
				GCC_PREPROCESSOR_DEFINITIONS = (
					"DEBUG=1",
					"$(inherited)",
				);
				GCC_SYMBOLS_PRIVATE_EXTERN = NO;
				GCC_WARN_64_TO_32_BIT_CONVERSION = YES;
				GCC_WARN_ABOUT_RETURN_TYPE = YES_ERROR;
				GCC_WARN_UNDECLARED_SELECTOR = YES;
				GCC_WARN_UNINITIALIZED_AUTOS = YES_AGGRESSIVE;
				GCC_WARN_UNUSED_FUNCTION = YES;
				GCC_WARN_UNUSED_VARIABLE = YES;
				MACOSX_DEPLOYMENT_TARGET = 10.9;
				ONLY_ACTIVE_ARCH = YES;
				SDKROOT = macosx;
			};
			name = Debug;
		};
		6A1ABF1C19822CE200C08E2C /* Release */ = {
			isa = XCBuildConfiguration;
			buildSettings = {
				ALWAYS_SEARCH_USER_PATHS = NO;
				CLANG_CXX_LANGUAGE_STANDARD = "gnu++0x";
				CLANG_CXX_LIBRARY = "libc++";
				CLANG_ENABLE_MODULES = YES;
				CLANG_ENABLE_OBJC_ARC = YES;
				CLANG_WARN_BOOL_CONVERSION = YES;
				CLANG_WARN_CONSTANT_CONVERSION = YES;
				CLANG_WARN_DIRECT_OBJC_ISA_USAGE = YES_ERROR;
				CLANG_WARN_EMPTY_BODY = YES;
				CLANG_WARN_ENUM_CONVERSION = YES;
				CLANG_WARN_INT_CONVERSION = YES;
				CLANG_WARN_OBJC_ROOT_CLASS = YES_ERROR;
				CLANG_WARN__DUPLICATE_METHOD_MATCH = YES;
				COPY_PHASE_STRIP = YES;
				DEBUG_INFORMATION_FORMAT = "dwarf-with-dsym";
				ENABLE_NS_ASSERTIONS = NO;
				GCC_C_LANGUAGE_STANDARD = gnu99;
				GCC_ENABLE_OBJC_EXCEPTIONS = YES;
				GCC_WARN_64_TO_32_BIT_CONVERSION = YES;
				GCC_WARN_ABOUT_RETURN_TYPE = YES_ERROR;
				GCC_WARN_UNDECLARED_SELECTOR = YES;
				GCC_WARN_UNINITIALIZED_AUTOS = YES_AGGRESSIVE;
				GCC_WARN_UNUSED_FUNCTION = YES;
				GCC_WARN_UNUSED_VARIABLE = YES;
				MACOSX_DEPLOYMENT_TARGET = 10.9;
				SDKROOT = macosx;
			};
			name = Release;
		};
		6A1ABF1E19822CE200C08E2C /* Debug */ = {
			isa = XCBuildConfiguration;
			buildSettings = {
				PRODUCT_NAME = "$(TARGET_NAME)";
			};
			name = Debug;
		};
		6A1ABF1F19822CE200C08E2C /* Release */ = {
			isa = XCBuildConfiguration;
			buildSettings = {
				PRODUCT_NAME = "$(TARGET_NAME)";
			};
			name = Release;
		};
/* End XCBuildConfiguration section */

/* Begin XCConfigurationList section */
		6A1ABF0F19822CE200C08E2C /* Build configuration list for PBXProject "UNPProject" */ = {
			isa = XCConfigurationList;
			buildConfigurations = (
				6A1ABF1B19822CE200C08E2C /* Debug */,
				6A1ABF1C19822CE200C08E2C /* Release */,
			);
			defaultConfigurationIsVisible = 0;
			defaultConfigurationName = Release;
		};
		6A1ABF1D19822CE200C08E2C /* Build configuration list for PBXNativeTarget "UNPProject" */ = {
			isa = XCConfigurationList;
			buildConfigurations = (
				6A1ABF1E19822CE200C08E2C /* Debug */,
				6A1ABF1F19822CE200C08E2C /* Release */,
			);
			defaultConfigurationIsVisible = 0;
		};
/* End XCConfigurationList section */
	};
	rootObject = 6A1ABF0C19822CE200C08E2C /* Project object */;
}
